
Microsoft Visual Studio Solution File, Format Version 12.00
# Visual Studio Version 17
VisualStudioVersion = 17.12.35521.163
MinimumVisualStudioVersion = 10.0.40219.1
Project("{FAE04EC0-301F-11D3-BF4B-00C04F79EFBC}") = "BookAservices.Domain", "BookAservices.Domain\BookAservices.Domain.csproj", "{848C5AD6-F599-4D14-9301-6C464BF1736F}"
EndProject
Project("{2150E333-8FDC-42A3-9474-1A3956D46DE8}") = "Core", "Core", "{BB952D86-231D-4824-8A56-D5C3112A9917}"
EndProject
Project("{FAE04EC0-301F-11D3-BF4B-00C04F79EFBC}") = "BookAservices.Application", "BookAservices.Application\BookAservices.Application.csproj", "{335AB5B3-DB5B-4027-89E7-6C26A079EB5A}"
EndProject
Project("{2150E333-8FDC-42A3-9474-1A3956D46DE8}") = "Src", "Src", "{32E556BD-E05D-43E5-AC90-0520652C9C4F}"
EndProject
Project("{2150E333-8FDC-42A3-9474-1A3956D46DE8}") = "Infstrucure", "Infstrucure", "{0D274985-A475-49C1-B685-BF7A588402F3}"
EndProject
Project("{2150E333-8FDC-42A3-9474-1A3956D46DE8}") = "Api", "Api", "{D9DEF63E-CCF3-4435-BC66-A3C2CE1E6F87}"
EndProject
Project("{2150E333-8FDC-42A3-9474-1A3956D46DE8}") = "Ui", "Ui", "{9559C4F6-7AE1-43FB-94EE-00F0FC690557}"
EndProject
Project("{2150E333-8FDC-42A3-9474-1A3956D46DE8}") = "Test", "Test", "{3D3F6B8F-D4C8-4050-AB78-301D60258CC0}"
EndProject
Project("{FAE04EC0-301F-11D3-BF4B-00C04F79EFBC}") = "BookAservices.Persistence", "BookAservices.Persistence\BookAservices.Persistence.csproj", "{49F2E611-E4DB-4399-A14E-369D23B43999}"
EndProject
Project("{FAE04EC0-301F-11D3-BF4B-00C04F79EFBC}") = "BookAservices.Api", "BookAservices.Api\BookAservices.Api.csproj", "{01B546DA-06EE-488B-942C-CC6FC556DE3A}"
EndProject
Global
	GlobalSection(SolutionConfigurationPlatforms) = preSolution
		Debug|Any CPU = Debug|Any CPU
		Release|Any CPU = Release|Any CPU
	EndGlobalSection
	GlobalSection(ProjectConfigurationPlatforms) = postSolution
		{848C5AD6-F599-4D14-9301-6C464BF1736F}.Debug|Any CPU.ActiveCfg = Debug|Any CPU
		{848C5AD6-F599-4D14-9301-6C464BF1736F}.Debug|Any CPU.Build.0 = Debug|Any CPU
		{848C5AD6-F599-4D14-9301-6C464BF1736F}.Release|Any CPU.ActiveCfg = Release|Any CPU
		{848C5AD6-F599-4D14-9301-6C464BF1736F}.Release|Any CPU.Build.0 = Release|Any CPU
		{335AB5B3-DB5B-4027-89E7-6C26A079EB5A}.Debug|Any CPU.ActiveCfg = Debug|Any CPU
		{335AB5B3-DB5B-4027-89E7-6C26A079EB5A}.Debug|Any CPU.Build.0 = Debug|Any CPU
		{335AB5B3-DB5B-4027-89E7-6C26A079EB5A}.Release|Any CPU.ActiveCfg = Release|Any CPU
		{335AB5B3-DB5B-4027-89E7-6C26A079EB5A}.Release|Any CPU.Build.0 = Release|Any CPU
		{49F2E611-E4DB-4399-A14E-369D23B43999}.Debug|Any CPU.ActiveCfg = Debug|Any CPU
		{49F2E611-E4DB-4399-A14E-369D23B43999}.Debug|Any CPU.Build.0 = Debug|Any CPU
		{49F2E611-E4DB-4399-A14E-369D23B43999}.Release|Any CPU.ActiveCfg = Release|Any CPU
		{49F2E611-E4DB-4399-A14E-369D23B43999}.Release|Any CPU.Build.0 = Release|Any CPU
		{01B546DA-06EE-488B-942C-CC6FC556DE3A}.Debug|Any CPU.ActiveCfg = Debug|Any CPU
		{01B546DA-06EE-488B-942C-CC6FC556DE3A}.Debug|Any CPU.Build.0 = Debug|Any CPU
		{01B546DA-06EE-488B-942C-CC6FC556DE3A}.Release|Any CPU.ActiveCfg = Release|Any CPU
		{01B546DA-06EE-488B-942C-CC6FC556DE3A}.Release|Any CPU.Build.0 = Release|Any CPU
	EndGlobalSection
	GlobalSection(SolutionProperties) = preSolution
		HideSolutionNode = FALSE
	EndGlobalSection
	GlobalSection(NestedProjects) = preSolution
		{848C5AD6-F599-4D14-9301-6C464BF1736F} = {BB952D86-231D-4824-8A56-D5C3112A9917}
		{BB952D86-231D-4824-8A56-D5C3112A9917} = {32E556BD-E05D-43E5-AC90-0520652C9C4F}
		{335AB5B3-DB5B-4027-89E7-6C26A079EB5A} = {BB952D86-231D-4824-8A56-D5C3112A9917}
		{0D274985-A475-49C1-B685-BF7A588402F3} = {32E556BD-E05D-43E5-AC90-0520652C9C4F}
		{D9DEF63E-CCF3-4435-BC66-A3C2CE1E6F87} = {32E556BD-E05D-43E5-AC90-0520652C9C4F}
		{9559C4F6-7AE1-43FB-94EE-00F0FC690557} = {32E556BD-E05D-43E5-AC90-0520652C9C4F}
		{49F2E611-E4DB-4399-A14E-369D23B43999} = {0D274985-A475-49C1-B685-BF7A588402F3}
		{01B546DA-06EE-488B-942C-CC6FC556DE3A} = {D9DEF63E-CCF3-4435-BC66-A3C2CE1E6F87}
	EndGlobalSection
EndGlobal
